
Microsoft Visual Studio Solution File, Format Version 12.00
# Visual Studio Version 16
VisualStudioVersion = 16.0.30907.101
MinimumVisualStudioVersion = 10.0.40219.1
Project("{9A19103F-16F7-4668-BE54-9A1E7A4F7556}") = "OrienteeringPlanner", "OrienteeringPlanner\OrienteeringPlanner.csproj", "{0B53EDDD-086B-4453-BB31-C5ED9E52C63A}"
EndProject
Project("{FAE04EC0-301F-11D3-BF4B-00C04F79EFBC}") = "CreateUser", "CreateUser\CreateUser.csproj", "{68EA7104-E4DA-4AAA-8ED0-1B214EB9D46C}"
EndProject
Global
	GlobalSection(SolutionConfigurationPlatforms) = preSolution
		Debug|Any CPU = Debug|Any CPU
		Release|Any CPU = Release|Any CPU
	EndGlobalSection
	GlobalSection(ProjectConfigurationPlatforms) = postSolution
		{0B53EDDD-086B-4453-BB31-C5ED9E52C63A}.Debug|Any CPU.ActiveCfg = Debug|Any CPU
		{0B53EDDD-086B-4453-BB31-C5ED9E52C63A}.Debug|Any CPU.Build.0 = Debug|Any CPU
		{0B53EDDD-086B-4453-BB31-C5ED9E52C63A}.Release|Any CPU.ActiveCfg = Release|Any CPU
		{0B53EDDD-086B-4453-BB31-C5ED9E52C63A}.Release|Any CPU.Build.0 = Release|Any CPU
		{68EA7104-E4DA-4AAA-8ED0-1B214EB9D46C}.Debug|Any CPU.ActiveCfg = Debug|Any CPU
		{68EA7104-E4DA-4AAA-8ED0-1B214EB9D46C}.Debug|Any CPU.Build.0 = Debug|Any CPU
		{68EA7104-E4DA-4AAA-8ED0-1B214EB9D46C}.Release|Any CPU.ActiveCfg = Release|Any CPU
		{68EA7104-E4DA-4AAA-8ED0-1B214EB9D46C}.Release|Any CPU.Build.0 = Release|Any CPU
	EndGlobalSection
	GlobalSection(SolutionProperties) = preSolution
		HideSolutionNode = FALSE
	EndGlobalSection
	GlobalSection(ExtensibilityGlobals) = postSolution
		SolutionGuid = {58765608-709A-4293-90C5-8AAE3EC89689}
	EndGlobalSection
EndGlobal
